
Microsoft Visual Studio Solution File, Format Version 12.00
# Visual Studio Version 16
VisualStudioVersion = 16.0.31313.79
MinimumVisualStudioVersion = 10.0.40219.1
Project("{9A19103F-16F7-4668-BE54-9A1E7A4F7556}") = "Tech-Test-Calculator", "Calculator\Tech-Test-Calculator.csproj", "{FDB5627E-92AA-46BC-8D93-DB27D559A56D}"
EndProject
Project("{9A19103F-16F7-4668-BE54-9A1E7A4F7556}") = "Tech-Test-Unit", "Tech-Test-Unit\Tech-Test-Unit.csproj", "{5F8F5E71-A2BC-433B-A8D2-DEFE4DB7C3E3}"
EndProject
Global
	GlobalSection(SolutionConfigurationPlatforms) = preSolution
		Debug|Any CPU = Debug|Any CPU
		Release|Any CPU = Release|Any CPU
	EndGlobalSection
	GlobalSection(ProjectConfigurationPlatforms) = postSolution
		{FDB5627E-92AA-46BC-8D93-DB27D559A56D}.Debug|Any CPU.ActiveCfg = Debug|Any CPU
		{FDB5627E-92AA-46BC-8D93-DB27D559A56D}.Debug|Any CPU.Build.0 = Debug|Any CPU
		{FDB5627E-92AA-46BC-8D93-DB27D559A56D}.Release|Any CPU.ActiveCfg = Release|Any CPU
		{FDB5627E-92AA-46BC-8D93-DB27D559A56D}.Release|Any CPU.Build.0 = Release|Any CPU
		{5F8F5E71-A2BC-433B-A8D2-DEFE4DB7C3E3}.Debug|Any CPU.ActiveCfg = Debug|Any CPU
		{5F8F5E71-A2BC-433B-A8D2-DEFE4DB7C3E3}.Debug|Any CPU.Build.0 = Debug|Any CPU
		{5F8F5E71-A2BC-433B-A8D2-DEFE4DB7C3E3}.Release|Any CPU.ActiveCfg = Release|Any CPU
		{5F8F5E71-A2BC-433B-A8D2-DEFE4DB7C3E3}.Release|Any CPU.Build.0 = Release|Any CPU
	EndGlobalSection
	GlobalSection(SolutionProperties) = preSolution
		HideSolutionNode = FALSE
	EndGlobalSection
	GlobalSection(ExtensibilityGlobals) = postSolution
		SolutionGuid = {905FC2FA-C2D7-4BAE-8B07-3009424C979D}
	EndGlobalSection
EndGlobal
